
Microsoft Visual Studio Solution File, Format Version 12.00
# Visual Studio Version 16
VisualStudioVersion = 16.0.30717.126
MinimumVisualStudioVersion = 10.0.40219.1
Project("{9A19103F-16F7-4668-BE54-9A1E7A4F7556}") = "TeaMan", "TeaMan\TeaMan.csproj", "{A3D3A2EA-04BF-4A4D-B7FE-42CB7317EB90}"
EndProject
Project("{FAE04EC0-301F-11D3-BF4B-00C04F79EFBC}") = "TeaMan.Tests", "TeaMan.Tests\TeaMan.Tests.csproj", "{E3E75600-A7EC-44DD-B975-F1686E4CEE08}"
EndProject
Global
	GlobalSection(SolutionConfigurationPlatforms) = preSolution
		Debug|Any CPU = Debug|Any CPU
		Release|Any CPU = Release|Any CPU
	EndGlobalSection
	GlobalSection(ProjectConfigurationPlatforms) = postSolution
		{A3D3A2EA-04BF-4A4D-B7FE-42CB7317EB90}.Debug|Any CPU.ActiveCfg = Debug|Any CPU
		{A3D3A2EA-04BF-4A4D-B7FE-42CB7317EB90}.Debug|Any CPU.Build.0 = Debug|Any CPU
		{A3D3A2EA-04BF-4A4D-B7FE-42CB7317EB90}.Release|Any CPU.ActiveCfg = Release|Any CPU
		{A3D3A2EA-04BF-4A4D-B7FE-42CB7317EB90}.Release|Any CPU.Build.0 = Release|Any CPU
		{E3E75600-A7EC-44DD-B975-F1686E4CEE08}.Debug|Any CPU.ActiveCfg = Debug|Any CPU
		{E3E75600-A7EC-44DD-B975-F1686E4CEE08}.Debug|Any CPU.Build.0 = Debug|Any CPU
		{E3E75600-A7EC-44DD-B975-F1686E4CEE08}.Release|Any CPU.ActiveCfg = Release|Any CPU
		{E3E75600-A7EC-44DD-B975-F1686E4CEE08}.Release|Any CPU.Build.0 = Release|Any CPU
	EndGlobalSection
	GlobalSection(SolutionProperties) = preSolution
		HideSolutionNode = FALSE
	EndGlobalSection
	GlobalSection(ExtensibilityGlobals) = postSolution
		SolutionGuid = {7CF0AF9D-15DB-4E3A-A4AA-6F8C2CDDD013}
	EndGlobalSection
EndGlobal
